
Microsoft Visual Studio Solution File, Format Version 12.00
# Visual Studio 15
VisualStudioVersion = 15.0.26124.0
MinimumVisualStudioVersion = 15.0.26124.0
Project("{FAE04EC0-301F-11D3-BF4B-00C04F79EFBC}") = "Party.Shared", "Party.Shared\Party.Shared.csproj", "{9699E2C1-E2B7-4A81-94AF-EB6AB7490DCB}"
EndProject
Project("{FAE04EC0-301F-11D3-BF4B-00C04F79EFBC}") = "Party.Shared.Tests", "Party.Shared.Tests\Party.Shared.Tests.csproj", "{114510DA-8099-44AF-B0AB-E18D8FB18FBA}"
EndProject
Project("{FAE04EC0-301F-11D3-BF4B-00C04F79EFBC}") = "Party.CLI", "Party.CLI\Party.CLI.csproj", "{38D578B7-F5AE-4F3C-87BD-0378C5281186}"
EndProject
Project("{FAE04EC0-301F-11D3-BF4B-00C04F79EFBC}") = "Party.CLI.Tests", "Party.CLI.Tests\Party.CLI.Tests.csproj", "{0DF0FA2F-712F-4EB6-BE68-40EAFC666C9D}"
EndProject
Global
	GlobalSection(SolutionConfigurationPlatforms) = preSolution
		Debug|Any CPU = Debug|Any CPU
		Debug|x64 = Debug|x64
		Debug|x86 = Debug|x86
		Release|Any CPU = Release|Any CPU
		Release|x64 = Release|x64
		Release|x86 = Release|x86
	EndGlobalSection
	GlobalSection(SolutionProperties) = preSolution
		HideSolutionNode = FALSE
	EndGlobalSection
	GlobalSection(ProjectConfigurationPlatforms) = postSolution
		{9699E2C1-E2B7-4A81-94AF-EB6AB7490DCB}.Debug|Any CPU.ActiveCfg = Debug|Any CPU
		{9699E2C1-E2B7-4A81-94AF-EB6AB7490DCB}.Debug|Any CPU.Build.0 = Debug|Any CPU
		{9699E2C1-E2B7-4A81-94AF-EB6AB7490DCB}.Debug|x64.ActiveCfg = Debug|Any CPU
		{9699E2C1-E2B7-4A81-94AF-EB6AB7490DCB}.Debug|x64.Build.0 = Debug|Any CPU
		{9699E2C1-E2B7-4A81-94AF-EB6AB7490DCB}.Debug|x86.ActiveCfg = Debug|Any CPU
		{9699E2C1-E2B7-4A81-94AF-EB6AB7490DCB}.Debug|x86.Build.0 = Debug|Any CPU
		{9699E2C1-E2B7-4A81-94AF-EB6AB7490DCB}.Release|Any CPU.ActiveCfg = Release|Any CPU
		{9699E2C1-E2B7-4A81-94AF-EB6AB7490DCB}.Release|Any CPU.Build.0 = Release|Any CPU
		{9699E2C1-E2B7-4A81-94AF-EB6AB7490DCB}.Release|x64.ActiveCfg = Release|Any CPU
		{9699E2C1-E2B7-4A81-94AF-EB6AB7490DCB}.Release|x64.Build.0 = Release|Any CPU
		{9699E2C1-E2B7-4A81-94AF-EB6AB7490DCB}.Release|x86.ActiveCfg = Release|Any CPU
		{9699E2C1-E2B7-4A81-94AF-EB6AB7490DCB}.Release|x86.Build.0 = Release|Any CPU
		{114510DA-8099-44AF-B0AB-E18D8FB18FBA}.Debug|Any CPU.ActiveCfg = Debug|Any CPU
		{114510DA-8099-44AF-B0AB-E18D8FB18FBA}.Debug|Any CPU.Build.0 = Debug|Any CPU
		{114510DA-8099-44AF-B0AB-E18D8FB18FBA}.Debug|x64.ActiveCfg = Debug|Any CPU
		{114510DA-8099-44AF-B0AB-E18D8FB18FBA}.Debug|x64.Build.0 = Debug|Any CPU
		{114510DA-8099-44AF-B0AB-E18D8FB18FBA}.Debug|x86.ActiveCfg = Debug|Any CPU
		{114510DA-8099-44AF-B0AB-E18D8FB18FBA}.Debug|x86.Build.0 = Debug|Any CPU
		{114510DA-8099-44AF-B0AB-E18D8FB18FBA}.Release|Any CPU.ActiveCfg = Release|Any CPU
		{114510DA-8099-44AF-B0AB-E18D8FB18FBA}.Release|Any CPU.Build.0 = Release|Any CPU
		{114510DA-8099-44AF-B0AB-E18D8FB18FBA}.Release|x64.ActiveCfg = Release|Any CPU
		{114510DA-8099-44AF-B0AB-E18D8FB18FBA}.Release|x64.Build.0 = Release|Any CPU
		{114510DA-8099-44AF-B0AB-E18D8FB18FBA}.Release|x86.ActiveCfg = Release|Any CPU
		{114510DA-8099-44AF-B0AB-E18D8FB18FBA}.Release|x86.Build.0 = Release|Any CPU
		{38D578B7-F5AE-4F3C-87BD-0378C5281186}.Debug|Any CPU.ActiveCfg = Debug|Any CPU
		{38D578B7-F5AE-4F3C-87BD-0378C5281186}.Debug|Any CPU.Build.0 = Debug|Any CPU
		{38D578B7-F5AE-4F3C-87BD-0378C5281186}.Debug|x64.ActiveCfg = Debug|Any CPU
		{38D578B7-F5AE-4F3C-87BD-0378C5281186}.Debug|x64.Build.0 = Debug|Any CPU
		{38D578B7-F5AE-4F3C-87BD-0378C5281186}.Debug|x86.ActiveCfg = Debug|Any CPU
		{38D578B7-F5AE-4F3C-87BD-0378C5281186}.Debug|x86.Build.0 = Debug|Any CPU
		{38D578B7-F5AE-4F3C-87BD-0378C5281186}.Release|Any CPU.ActiveCfg = Release|Any CPU
		{38D578B7-F5AE-4F3C-87BD-0378C5281186}.Release|Any CPU.Build.0 = Release|Any CPU
		{38D578B7-F5AE-4F3C-87BD-0378C5281186}.Release|x64.ActiveCfg = Release|Any CPU
		{38D578B7-F5AE-4F3C-87BD-0378C5281186}.Release|x64.Build.0 = Release|Any CPU
		{38D578B7-F5AE-4F3C-87BD-0378C5281186}.Release|x86.ActiveCfg = Release|Any CPU
		{38D578B7-F5AE-4F3C-87BD-0378C5281186}.Release|x86.Build.0 = Release|Any CPU
		{0DF0FA2F-712F-4EB6-BE68-40EAFC666C9D}.Debug|Any CPU.ActiveCfg = Debug|Any CPU
		{0DF0FA2F-712F-4EB6-BE68-40EAFC666C9D}.Debug|Any CPU.Build.0 = Debug|Any CPU
		{0DF0FA2F-712F-4EB6-BE68-40EAFC666C9D}.Debug|x64.ActiveCfg = Debug|Any CPU
		{0DF0FA2F-712F-4EB6-BE68-40EAFC666C9D}.Debug|x64.Build.0 = Debug|Any CPU
		{0DF0FA2F-712F-4EB6-BE68-40EAFC666C9D}.Debug|x86.ActiveCfg = Debug|Any CPU
		{0DF0FA2F-712F-4EB6-BE68-40EAFC666C9D}.Debug|x86.Build.0 = Debug|Any CPU
		{0DF0FA2F-712F-4EB6-BE68-40EAFC666C9D}.Release|Any CPU.ActiveCfg = Release|Any CPU
		{0DF0FA2F-712F-4EB6-BE68-40EAFC666C9D}.Release|Any CPU.Build.0 = Release|Any CPU
		{0DF0FA2F-712F-4EB6-BE68-40EAFC666C9D}.Release|x64.ActiveCfg = Release|Any CPU
		{0DF0FA2F-712F-4EB6-BE68-40EAFC666C9D}.Release|x64.Build.0 = Release|Any CPU
		{0DF0FA2F-712F-4EB6-BE68-40EAFC666C9D}.Release|x86.ActiveCfg = Release|Any CPU
		{0DF0FA2F-712F-4EB6-BE68-40EAFC666C9D}.Release|x86.Build.0 = Release|Any CPU
	EndGlobalSection
EndGlobal
